# This file was autogenerated by Stack.
# You should not edit this file by hand.
# For more information, please see the documentation at:
#   https://docs.haskellstack.org/en/stable/lock_files

packages:
- completed:
    name: text-icu
    version: 0.55.1.0
    git: https://github.com/WorldSEnder/text-icu.git
    pantry-tree:
      size: 2466
      sha256: ba49a27067608ac7e469fd137051a95c425e97a9530b69ce140f8cfa9fa1096f
    commit: 7657227a7ca8ad13be86db5c190b806774a5fd6b
  original:
    git: https://github.com/WorldSEnder/text-icu.git
    commit: 7657227a7ca8ad13be86db5c190b806774a5fd6b
snapshots:
- completed:
    size: 565720
    url: https://raw.githubusercontent.com/commercialhaskell/stackage-snapshots/master/lts/17/8.yaml
    sha256: 76bf8992ff8dfe6eda9c02f81866138c2369344d5011ab39ae403457c4448b03
  original:
    url: https://raw.githubusercontent.com/commercialhaskell/stackage-snapshots/master/lts/17/8.yaml
